// !$*UTF8*$!
{
	archiveVersion = 1;
	classes = {
	};
	objectVersion = 46;
	objects = {

/* Begin PBXBuildFile section */
		252E76F31DA5659C0006E116 /* AppDelegate.swift in Sources */ = {isa = PBXBuildFile; fileRef = 252E76F21DA5659C0006E116 /* AppDelegate.swift */; };
		252E76F51DA5659C0006E116 /* WeightViewController.swift in Sources */ = {isa = PBXBuildFile; fileRef = 252E76F41DA5659C0006E116 /* WeightViewController.swift */; };
		252E76F71DA5659C0006E116 /* WorkoutViewController.swift in Sources */ = {isa = PBXBuildFile; fileRef = 252E76F61DA5659C0006E116 /* WorkoutViewController.swift */; };
		252E76FA1DA5659C0006E116 /* Main.storyboard in Resources */ = {isa = PBXBuildFile; fileRef = 252E76F81DA5659C0006E116 /* Main.storyboard */; };
		252E76FC1DA5659C0006E116 /* Assets.xcassets in Resources */ = {isa = PBXBuildFile; fileRef = 252E76FB1DA5659C0006E116 /* Assets.xcassets */; };
		252E76FF1DA5659C0006E116 /* LaunchScreen.storyboard in Resources */ = {isa = PBXBuildFile; fileRef = 252E76FD1DA5659C0006E116 /* LaunchScreen.storyboard */; };
		252E77071DA566D50006E116 /* GlobalLoginViewController.swift in Sources */ = {isa = PBXBuildFile; fileRef = 252E77061DA566D50006E116 /* GlobalLoginViewController.swift */; };
		252E770B1DA56E2E0006E116 /* LoginViewController.swift in Sources */ = {isa = PBXBuildFile; fileRef = 252E770A1DA56E2E0006E116 /* LoginViewController.swift */; };
		252E770D1DA56EC80006E116 /* SignupViewController.swift in Sources */ = {isa = PBXBuildFile; fileRef = 252E770C1DA56EC80006E116 /* SignupViewController.swift */; };
		252E770F1DA578DF0006E116 /* ForgotPasswordViewController.swift in Sources */ = {isa = PBXBuildFile; fileRef = 252E770E1DA578DF0006E116 /* ForgotPasswordViewController.swift */; };
		252E77111DA59DCA0006E116 /* HomeViewController.swift in Sources */ = {isa = PBXBuildFile; fileRef = 252E77101DA59DCA0006E116 /* HomeViewController.swift */; };
		252E77131DA5A3C40006E116 /* AddWorkoutViewController.swift in Sources */ = {isa = PBXBuildFile; fileRef = 252E77121DA5A3C40006E116 /* AddWorkoutViewController.swift */; };
		253E2B7A1DA5AAA40098B1BC /* TaskViewController.swift in Sources */ = {isa = PBXBuildFile; fileRef = 253E2B791DA5AAA40098B1BC /* TaskViewController.swift */; };
		253E2B7E1DA5C6710098B1BC /* GoogleService-Info.plist in Resources */ = {isa = PBXBuildFile; fileRef = 253E2B7D1DA5C6710098B1BC /* GoogleService-Info.plist */; };
		25BFCB0F1DA8663800E6481D /* FBSDKCoreKit.framework in Frameworks */ = {isa = PBXBuildFile; fileRef = 25BFCB0C1DA8663800E6481D /* FBSDKCoreKit.framework */; };
		25BFCB101DA8663800E6481D /* FBSDKLoginKit.framework in Frameworks */ = {isa = PBXBuildFile; fileRef = 25BFCB0D1DA8663800E6481D /* FBSDKLoginKit.framework */; };
		25BFCB111DA8663800E6481D /* FBSDKShareKit.framework in Frameworks */ = {isa = PBXBuildFile; fileRef = 25BFCB0E1DA8663800E6481D /* FBSDKShareKit.framework */; };
		25BFCB171DA870C500E6481D /* Bolts.framework in Frameworks */ = {isa = PBXBuildFile; fileRef = 25BFCB161DA870C500E6481D /* Bolts.framework */; };
		795D084F61485ABEB988F695 /* Pods_WorkOutBook.framework in Frameworks */ = {isa = PBXBuildFile; fileRef = 74F597E426702A51648230C1 /* Pods_WorkOutBook.framework */; };
/* End PBXBuildFile section */

/* Begin PBXFileReference section */
		030AA901570CB11D3DDE6562 /* Pods-WorkOutBook.release.xcconfig */ = {isa = PBXFileReference; includeInIndex = 1; lastKnownFileType = text.xcconfig; name = "Pods-WorkOutBook.release.xcconfig"; path = "Pods/Target Support Files/Pods-WorkOutBook/Pods-WorkOutBook.release.xcconfig"; sourceTree = "<group>"; };
		252E76EF1DA5659C0006E116 /* WorkOutBook.app */ = {isa = PBXFileReference; explicitFileType = wrapper.application; includeInIndex = 0; path = WorkOutBook.app; sourceTree = BUILT_PRODUCTS_DIR; };
		252E76F21DA5659C0006E116 /* AppDelegate.swift */ = {isa = PBXFileReference; lastKnownFileType = sourcecode.swift; path = AppDelegate.swift; sourceTree = "<group>"; };
		252E76F41DA5659C0006E116 /* WeightViewController.swift */ = {isa = PBXFileReference; lastKnownFileType = sourcecode.swift; path = WeightViewController.swift; sourceTree = "<group>"; };
		252E76F61DA5659C0006E116 /* WorkoutViewController.swift */ = {isa = PBXFileReference; lastKnownFileType = sourcecode.swift; path = WorkoutViewController.swift; sourceTree = "<group>"; };
		252E76F91DA5659C0006E116 /* Base */ = {isa = PBXFileReference; lastKnownFileType = file.storyboard; name = Base; path = Base.lproj/Main.storyboard; sourceTree = "<group>"; };
		252E76FB1DA5659C0006E116 /* Assets.xcassets */ = {isa = PBXFileReference; lastKnownFileType = folder.assetcatalog; path = Assets.xcassets; sourceTree = "<group>"; };
		252E76FE1DA5659C0006E116 /* Base */ = {isa = PBXFileReference; lastKnownFileType = file.storyboard; name = Base; path = Base.lproj/LaunchScreen.storyboard; sourceTree = "<group>"; };
		252E77001DA5659C0006E116 /* Info.plist */ = {isa = PBXFileReference; lastKnownFileType = text.plist.xml; path = Info.plist; sourceTree = "<group>"; };
		252E77061DA566D50006E116 /* GlobalLoginViewController.swift */ = {isa = PBXFileReference; fileEncoding = 4; lastKnownFileType = sourcecode.swift; name = GlobalLoginViewController.swift; path = ../GlobalLoginViewController.swift; sourceTree = "<group>"; };
		252E770A1DA56E2E0006E116 /* LoginViewController.swift */ = {isa = PBXFileReference; fileEncoding = 4; lastKnownFileType = sourcecode.swift; path = LoginViewController.swift; sourceTree = "<group>"; };
		252E770C1DA56EC80006E116 /* SignupViewController.swift */ = {isa = PBXFileReference; fileEncoding = 4; lastKnownFileType = sourcecode.swift; path = SignupViewController.swift; sourceTree = "<group>"; };
		252E770E1DA578DF0006E116 /* ForgotPasswordViewController.swift */ = {isa = PBXFileReference; fileEncoding = 4; lastKnownFileType = sourcecode.swift; path = ForgotPasswordViewController.swift; sourceTree = "<group>"; };
		252E77101DA59DCA0006E116 /* HomeViewController.swift */ = {isa = PBXFileReference; fileEncoding = 4; lastKnownFileType = sourcecode.swift; path = HomeViewController.swift; sourceTree = "<group>"; };
		252E77121DA5A3C40006E116 /* AddWorkoutViewController.swift */ = {isa = PBXFileReference; fileEncoding = 4; lastKnownFileType = sourcecode.swift; path = AddWorkoutViewController.swift; sourceTree = "<group>"; };
		253E2B791DA5AAA40098B1BC /* TaskViewController.swift */ = {isa = PBXFileReference; fileEncoding = 4; lastKnownFileType = sourcecode.swift; path = TaskViewController.swift; sourceTree = "<group>"; };
		253E2B7D1DA5C6710098B1BC /* GoogleService-Info.plist */ = {isa = PBXFileReference; fileEncoding = 4; lastKnownFileType = text.plist.xml; path = "GoogleService-Info.plist"; sourceTree = "<group>"; };
		25BFCB0C1DA8663800E6481D /* FBSDKCoreKit.framework */ = {isa = PBXFileReference; lastKnownFileType = wrapper.framework; name = FBSDKCoreKit.framework; path = WorkOutBook/FBSDKCoreKit.framework; sourceTree = "<group>"; };
		25BFCB0D1DA8663800E6481D /* FBSDKLoginKit.framework */ = {isa = PBXFileReference; lastKnownFileType = wrapper.framework; name = FBSDKLoginKit.framework; path = WorkOutBook/FBSDKLoginKit.framework; sourceTree = "<group>"; };
		25BFCB0E1DA8663800E6481D /* FBSDKShareKit.framework */ = {isa = PBXFileReference; lastKnownFileType = wrapper.framework; name = FBSDKShareKit.framework; path = WorkOutBook/FBSDKShareKit.framework; sourceTree = "<group>"; };
		25BFCB131DA86C6B00E6481D /* WorkOutBook-Bridging-Header.h */ = {isa = PBXFileReference; lastKnownFileType = sourcecode.c.h; path = "WorkOutBook-Bridging-Header.h"; sourceTree = "<group>"; };
		25BFCB161DA870C500E6481D /* Bolts.framework */ = {isa = PBXFileReference; lastKnownFileType = wrapper.framework; path = Bolts.framework; sourceTree = "<group>"; };
		74F597E426702A51648230C1 /* Pods_WorkOutBook.framework */ = {isa = PBXFileReference; explicitFileType = wrapper.framework; includeInIndex = 0; path = Pods_WorkOutBook.framework; sourceTree = BUILT_PRODUCTS_DIR; };
		B197374440603881BAB14277 /* Pods-WorkOutBook.debug.xcconfig */ = {isa = PBXFileReference; includeInIndex = 1; lastKnownFileType = text.xcconfig; name = "Pods-WorkOutBook.debug.xcconfig"; path = "Pods/Target Support Files/Pods-WorkOutBook/Pods-WorkOutBook.debug.xcconfig"; sourceTree = "<group>"; };
/* End PBXFileReference section */

/* Begin PBXFrameworksBuildPhase section */
		252E76EC1DA5659C0006E116 /* Frameworks */ = {
			isa = PBXFrameworksBuildPhase;
			buildActionMask = 2147483647;
			files = (
				25BFCB171DA870C500E6481D /* Bolts.framework in Frameworks */,
				25BFCB111DA8663800E6481D /* FBSDKShareKit.framework in Frameworks */,
				795D084F61485ABEB988F695 /* Pods_WorkOutBook.framework in Frameworks */,
				25BFCB0F1DA8663800E6481D /* FBSDKCoreKit.framework in Frameworks */,
				25BFCB101DA8663800E6481D /* FBSDKLoginKit.framework in Frameworks */,
			);
			runOnlyForDeploymentPostprocessing = 0;
		};
/* End PBXFrameworksBuildPhase section */

/* Begin PBXGroup section */
		252E76E61DA5659C0006E116 = {
			isa = PBXGroup;
			children = (
				252E76F11DA5659C0006E116 /* WorkOutBook */,
				252E76F01DA5659C0006E116 /* Products */,
				E7EE0EC7541A05D94545B55C /* Pods */,
				D5402E1D492C7BCE7BB04355 /* Frameworks */,
			);
			sourceTree = "<group>";
		};
		252E76F01DA5659C0006E116 /* Products */ = {
			isa = PBXGroup;
			children = (
				252E76EF1DA5659C0006E116 /* WorkOutBook.app */,
			);
			name = Products;
			sourceTree = "<group>";
		};
		252E76F11DA5659C0006E116 /* WorkOutBook */ = {
			isa = PBXGroup;
			children = (
				25BFCB131DA86C6B00E6481D /* WorkOutBook-Bridging-Header.h */,
				252E76F21DA5659C0006E116 /* AppDelegate.swift */,
				252E77081DA5671C0006E116 /* Controller */,
				252E76FB1DA5659C0006E116 /* Assets.xcassets */,
				252E77091DA567280006E116 /* Resources */,
				252E77001DA5659C0006E116 /* Info.plist */,
			);
			path = WorkOutBook;
			sourceTree = "<group>";
		};
		252E77081DA5671C0006E116 /* Controller */ = {
			isa = PBXGroup;
			children = (
				252E76F41DA5659C0006E116 /* WeightViewController.swift */,
				252E76F61DA5659C0006E116 /* WorkoutViewController.swift */,
				252E77061DA566D50006E116 /* GlobalLoginViewController.swift */,
				252E770A1DA56E2E0006E116 /* LoginViewController.swift */,
				252E770C1DA56EC80006E116 /* SignupViewController.swift */,
				252E770E1DA578DF0006E116 /* ForgotPasswordViewController.swift */,
				252E77101DA59DCA0006E116 /* HomeViewController.swift */,
				252E77121DA5A3C40006E116 /* AddWorkoutViewController.swift */,
				253E2B791DA5AAA40098B1BC /* TaskViewController.swift */,
			);
			name = Controller;
			sourceTree = "<group>";
		};
		252E77091DA567280006E116 /* Resources */ = {
			isa = PBXGroup;
			children = (
				253E2B7D1DA5C6710098B1BC /* GoogleService-Info.plist */,
				252E76F81DA5659C0006E116 /* Main.storyboard */,
				252E76FD1DA5659C0006E116 /* LaunchScreen.storyboard */,
			);
			name = Resources;
			sourceTree = "<group>";
		};
		D5402E1D492C7BCE7BB04355 /* Frameworks */ = {
			isa = PBXGroup;
			children = (
				25BFCB161DA870C500E6481D /* Bolts.framework */,
				25BFCB0C1DA8663800E6481D /* FBSDKCoreKit.framework */,
				25BFCB0D1DA8663800E6481D /* FBSDKLoginKit.framework */,
				25BFCB0E1DA8663800E6481D /* FBSDKShareKit.framework */,
				74F597E426702A51648230C1 /* Pods_WorkOutBook.framework */,
			);
			name = Frameworks;
			sourceTree = "<group>";
		};
		E7EE0EC7541A05D94545B55C /* Pods */ = {
			isa = PBXGroup;
			children = (
				B197374440603881BAB14277 /* Pods-WorkOutBook.debug.xcconfig */,
				030AA901570CB11D3DDE6562 /* Pods-WorkOutBook.release.xcconfig */,
			);
			name = Pods;
			sourceTree = "<group>";
		};
/* End PBXGroup section */

/* Begin PBXNativeTarget section */
		252E76EE1DA5659C0006E116 /* WorkOutBook */ = {
			isa = PBXNativeTarget;
			buildConfigurationList = 252E77031DA5659C0006E116 /* Build configuration list for PBXNativeTarget "WorkOutBook" */;
			buildPhases = (
				C0EB303F00A08217AD78061D /* [CP] Check Pods Manifest.lock */,
				252E76EB1DA5659C0006E116 /* Sources */,
				252E76EC1DA5659C0006E116 /* Frameworks */,
				252E76ED1DA5659C0006E116 /* Resources */,
				295A15C5C49E07622439C972 /* [CP] Embed Pods Frameworks */,
				9214914ED7810AF93717F7FE /* [CP] Copy Pods Resources */,
			);
			buildRules = (
			);
			dependencies = (
			);
			name = WorkOutBook;
			productName = WorkOutBook;
			productReference = 252E76EF1DA5659C0006E116 /* WorkOutBook.app */;
			productType = "com.apple.product-type.application";
		};
/* End PBXNativeTarget section */

/* Begin PBXProject section */
		252E76E71DA5659C0006E116 /* Project object */ = {
			isa = PBXProject;
			attributes = {
				LastSwiftUpdateCheck = 0800;
				LastUpgradeCheck = 0800;
				ORGANIZATIONNAME = Jyothi;
				TargetAttributes = {
					252E76EE1DA5659C0006E116 = {
						CreatedOnToolsVersion = 8.0;
						DevelopmentTeam = RYL328YXKC;
						ProvisioningStyle = Automatic;
					};
				};
			};
			buildConfigurationList = 252E76EA1DA5659C0006E116 /* Build configuration list for PBXProject "WorkOutBook" */;
			compatibilityVersion = "Xcode 3.2";
			developmentRegion = English;
			hasScannedForEncodings = 0;
			knownRegions = (
				en,
				Base,
			);
			mainGroup = 252E76E61DA5659C0006E116;
			productRefGroup = 252E76F01DA5659C0006E116 /* Products */;
			projectDirPath = "";
			projectRoot = "";
			targets = (
				252E76EE1DA5659C0006E116 /* WorkOutBook */,
			);
		};
/* End PBXProject section */

/* Begin PBXResourcesBuildPhase section */
		252E76ED1DA5659C0006E116 /* Resources */ = {
			isa = PBXResourcesBuildPhase;
			buildActionMask = 2147483647;
			files = (
				252E76FF1DA5659C0006E116 /* LaunchScreen.storyboard in Resources */,
				253E2B7E1DA5C6710098B1BC /* GoogleService-Info.plist in Resources */,
				252E76FC1DA5659C0006E116 /* Assets.xcassets in Resources */,
				252E76FA1DA5659C0006E116 /* Main.storyboard in Resources */,
			);
			runOnlyForDeploymentPostprocessing = 0;
		};
/* End PBXResourcesBuildPhase section */

/* Begin PBXShellScriptBuildPhase section */
		295A15C5C49E07622439C972 /* [CP] Embed Pods Frameworks */ = {
			isa = PBXShellScriptBuildPhase;
			buildActionMask = 2147483647;
			files = (
			);
			inputPaths = (
			);
			name = "[CP] Embed Pods Frameworks";
			outputPaths = (
			);
			runOnlyForDeploymentPostprocessing = 0;
			shellPath = /bin/sh;
			shellScript = "\"${SRCROOT}/Pods/Target Support Files/Pods-WorkOutBook/Pods-WorkOutBook-frameworks.sh\"\n";
			showEnvVarsInLog = 0;
		};
		9214914ED7810AF93717F7FE /* [CP] Copy Pods Resources */ = {
			isa = PBXShellScriptBuildPhase;
			buildActionMask = 2147483647;
			files = (
			);
			inputPaths = (
			);
			name = "[CP] Copy Pods Resources";
			outputPaths = (
			);
			runOnlyForDeploymentPostprocessing = 0;
			shellPath = /bin/sh;
			shellScript = "\"${SRCROOT}/Pods/Target Support Files/Pods-WorkOutBook/Pods-WorkOutBook-resources.sh\"\n";
			showEnvVarsInLog = 0;
		};
		C0EB303F00A08217AD78061D /* [CP] Check Pods Manifest.lock */ = {
			isa = PBXShellScriptBuildPhase;
			buildActionMask = 2147483647;
			files = (
			);
			inputPaths = (
			);
			name = "[CP] Check Pods Manifest.lock";
			outputPaths = (
			);
			runOnlyForDeploymentPostprocessing = 0;
			shellPath = /bin/sh;
			shellScript = "diff \"${PODS_ROOT}/../Podfile.lock\" \"${PODS_ROOT}/Manifest.lock\" > /dev/null\nif [[ $? != 0 ]] ; then\n    cat << EOM\nerror: The sandbox is not in sync with the Podfile.lock. Run 'pod install' or update your CocoaPods installation.\nEOM\n    exit 1\nfi\n";
			showEnvVarsInLog = 0;
		};
/* End PBXShellScriptBuildPhase section */

/* Begin PBXSourcesBuildPhase section */
		252E76EB1DA5659C0006E116 /* Sources */ = {
			isa = PBXSourcesBuildPhase;
			buildActionMask = 2147483647;
			files = (
				252E770D1DA56EC80006E116 /* SignupViewController.swift in Sources */,
				252E770F1DA578DF0006E116 /* ForgotPasswordViewController.swift in Sources */,
				252E77131DA5A3C40006E116 /* AddWorkoutViewController.swift in Sources */,
				252E76F71DA5659C0006E116 /* WorkoutViewController.swift in Sources */,
				252E77111DA59DCA0006E116 /* HomeViewController.swift in Sources */,
				252E76F31DA5659C0006E116 /* AppDelegate.swift in Sources */,
				252E76F51DA5659C0006E116 /* WeightViewController.swift in Sources */,
				253E2B7A1DA5AAA40098B1BC /* TaskViewController.swift in Sources */,
				252E770B1DA56E2E0006E116 /* LoginViewController.swift in Sources */,
				252E77071DA566D50006E116 /* GlobalLoginViewController.swift in Sources */,
			);
			runOnlyForDeploymentPostprocessing = 0;
		};
/* End PBXSourcesBuildPhase section */

/* Begin PBXVariantGroup section */
		252E76F81DA5659C0006E116 /* Main.storyboard */ = {
			isa = PBXVariantGroup;
			children = (
				252E76F91DA5659C0006E116 /* Base */,
			);
			name = Main.storyboard;
			sourceTree = "<group>";
		};
		252E76FD1DA5659C0006E116 /* LaunchScreen.storyboard */ = {
			isa = PBXVariantGroup;
			children = (
				252E76FE1DA5659C0006E116 /* Base */,
			);
			name = LaunchScreen.storyboard;
			sourceTree = "<group>";
		};
/* End PBXVariantGroup section */

/* Begin XCBuildConfiguration section */
		252E77011DA5659C0006E116 /* Debug */ = {
			isa = XCBuildConfiguration;
			buildSettings = {
				ALWAYS_SEARCH_USER_PATHS = NO;
				CLANG_ANALYZER_NONNULL = YES;
				CLANG_CXX_LANGUAGE_STANDARD = "gnu++0x";
				CLANG_CXX_LIBRARY = "libc++";
				CLANG_ENABLE_MODULES = YES;
				CLANG_ENABLE_OBJC_ARC = YES;
				CLANG_WARN_BOOL_CONVERSION = YES;
				CLANG_WARN_CONSTANT_CONVERSION = YES;
				CLANG_WARN_DIRECT_OBJC_ISA_USAGE = YES_ERROR;
				CLANG_WARN_DOCUMENTATION_COMMENTS = YES;
				CLANG_WARN_EMPTY_BODY = YES;
				CLANG_WARN_ENUM_CONVERSION = YES;
				CLANG_WARN_INFINITE_RECURSION = YES;
				CLANG_WARN_INT_CONVERSION = YES;
				CLANG_WARN_OBJC_ROOT_CLASS = YES_ERROR;
				CLANG_WARN_SUSPICIOUS_MOVES = YES;
				CLANG_WARN_UNREACHABLE_CODE = YES;
				CLANG_WARN__DUPLICATE_METHOD_MATCH = YES;
				"CODE_SIGN_IDENTITY[sdk=iphoneos*]" = "iPhone Developer";
				COPY_PHASE_STRIP = NO;
				DEBUG_INFORMATION_FORMAT = dwarf;
				ENABLE_STRICT_OBJC_MSGSEND = YES;
				ENABLE_TESTABILITY = YES;
				GCC_C_LANGUAGE_STANDARD = gnu99;
				GCC_DYNAMIC_NO_PIC = NO;
				GCC_NO_COMMON_BLOCKS = YES;
				GCC_OPTIMIZATION_LEVEL = 0;
				GCC_PREPROCESSOR_DEFINITIONS = (
					"DEBUG=1",
					"$(inherited)",
				);
				GCC_WARN_64_TO_32_BIT_CONVERSION = YES;
				GCC_WARN_ABOUT_RETURN_TYPE = YES_ERROR;
				GCC_WARN_UNDECLARED_SELECTOR = YES;
				GCC_WARN_UNINITIALIZED_AUTOS = YES_AGGRESSIVE;
				GCC_WARN_UNUSED_FUNCTION = YES;
				GCC_WARN_UNUSED_VARIABLE = YES;
				IPHONEOS_DEPLOYMENT_TARGET = 10.0;
				MTL_ENABLE_DEBUG_INFO = YES;
				ONLY_ACTIVE_ARCH = YES;
				SDKROOT = iphoneos;
				SWIFT_ACTIVE_COMPILATION_CONDITIONS = DEBUG;
				SWIFT_OPTIMIZATION_LEVEL = "-Onone";
			};
			name = Debug;
		};
		252E77021DA5659C0006E116 /* Release */ = {
			isa = XCBuildConfiguration;
			buildSettings = {
				ALWAYS_SEARCH_USER_PATHS = NO;
				CLANG_ANALYZER_NONNULL = YES;
				CLANG_CXX_LANGUAGE_STANDARD = "gnu++0x";
				CLANG_CXX_LIBRARY = "libc++";
				CLANG_ENABLE_MODULES = YES;
				CLANG_ENABLE_OBJC_ARC = YES;
				CLANG_WARN_BOOL_CONVERSION = YES;
				CLANG_WARN_CONSTANT_CONVERSION = YES;
				CLANG_WARN_DIRECT_OBJC_ISA_USAGE = YES_ERROR;
				CLANG_WARN_DOCUMENTATION_COMMENTS = YES;
				CLANG_WARN_EMPTY_BODY = YES;
				CLANG_WARN_ENUM_CONVERSION = YES;
				CLANG_WARN_INFINITE_RECURSION = YES;
				CLANG_WARN_INT_CONVERSION = YES;
				CLANG_WARN_OBJC_ROOT_CLASS = YES_ERROR;
				CLANG_WARN_SUSPICIOUS_MOVES = YES;
				CLANG_WARN_UNREACHABLE_CODE = YES;
				CLANG_WARN__DUPLICATE_METHOD_MATCH = YES;
				"CODE_SIGN_IDENTITY[sdk=iphoneos*]" = "iPhone Developer";
				COPY_PHASE_STRIP = NO;
				DEBUG_INFORMATION_FORMAT = "dwarf-with-dsym";
				ENABLE_NS_ASSERTIONS = NO;
				ENABLE_STRICT_OBJC_MSGSEND = YES;
				GCC_C_LANGUAGE_STANDARD = gnu99;
				GCC_NO_COMMON_BLOCKS = YES;
				GCC_WARN_64_TO_32_BIT_CONVERSION = YES;
				GCC_WARN_ABOUT_RETURN_TYPE = YES_ERROR;
				GCC_WARN_UNDECLARED_SELECTOR = YES;
				GCC_WARN_UNINITIALIZED_AUTOS = YES_AGGRESSIVE;
				GCC_WARN_UNUSED_FUNCTION = YES;
				GCC_WARN_UNUSED_VARIABLE = YES;
				IPHONEOS_DEPLOYMENT_TARGET = 10.0;
				MTL_ENABLE_DEBUG_INFO = NO;
				SDKROOT = iphoneos;
				SWIFT_OPTIMIZATION_LEVEL = "-Owholemodule";
				VALIDATE_PRODUCT = YES;
			};
			name = Release;
		};
		252E77041DA5659C0006E116 /* Debug */ = {
			isa = XCBuildConfiguration;
			baseConfigurationReference = B197374440603881BAB14277 /* Pods-WorkOutBook.debug.xcconfig */;
			buildSettings = {
				ASSETCATALOG_COMPILER_APPICON_NAME = AppIcon;
				DEVELOPMENT_TEAM = RYL328YXKC;
				FRAMEWORK_SEARCH_PATHS = (
					"$(inherited)",
					"$(PROJECT_DIR)/WorkOutBook",
					"$(PROJECT_DIR)",
				);
				INFOPLIST_FILE = WorkOutBook/Info.plist;
				LD_RUNPATH_SEARCH_PATHS = "$(inherited) @executable_path/Frameworks";
				PRODUCT_BUNDLE_IDENTIFIER = joe.WorkOutBook.WorkOutBook;
				PRODUCT_NAME = "$(TARGET_NAME)";
				SWIFT_OBJC_BRIDGING_HEADER = "WorkOutBook/WorkOutBook-Bridging-Header.h";
				SWIFT_VERSION = 3.0;
			};
			name = Debug;
		};
		252E77051DA5659C0006E116 /* Release */ = {
			isa = XCBuildConfiguration;
			baseConfigurationReference = 030AA901570CB11D3DDE6562 /* Pods-WorkOutBook.release.xcconfig */;
			buildSettings = {
				ASSETCATALOG_COMPILER_APPICON_NAME = AppIcon;
				DEVELOPMENT_TEAM = RYL328YXKC;
				FRAMEWORK_SEARCH_PATHS = (
					"$(inherited)",
					"$(PROJECT_DIR)/WorkOutBook",
					"$(PROJECT_DIR)",
				);
				INFOPLIST_FILE = WorkOutBook/Info.plist;
				LD_RUNPATH_SEARCH_PATHS = "$(inherited) @executable_path/Frameworks";
				PRODUCT_BUNDLE_IDENTIFIER = joe.WorkOutBook.WorkOutBook;
				PRODUCT_NAME = "$(TARGET_NAME)";
				SWIFT_OBJC_BRIDGING_HEADER = "WorkOutBook/WorkOutBook-Bridging-Header.h";
				"SWIFT_OBJC_INTERFACE_HEADER_NAME[arch=*]" = "$(SWIFT_MODULE_NAME)-Swift.h";
				SWIFT_VERSION = 3.0;
			};
			name = Release;
		};
/* End XCBuildConfiguration section */

/* Begin XCConfigurationList section */
		252E76EA1DA5659C0006E116 /* Build configuration list for PBXProject "WorkOutBook" */ = {
			isa = XCConfigurationList;
			buildConfigurations = (
				252E77011DA5659C0006E116 /* Debug */,
				252E77021DA5659C0006E116 /* Release */,
			);
			defaultConfigurationIsVisible = 0;
			defaultConfigurationName = Release;
		};
		252E77031DA5659C0006E116 /* Build configuration list for PBXNativeTarget "WorkOutBook" */ = {
			isa = XCConfigurationList;
			buildConfigurations = (
				252E77041DA5659C0006E116 /* Debug */,
				252E77051DA5659C0006E116 /* Release */,
			);
			defaultConfigurationIsVisible = 0;
			defaultConfigurationName = Release;
		};
/* End XCConfigurationList section */
	};
	rootObject = 252E76E71DA5659C0006E116 /* Project object */;
}
